// !$*UTF8*$!
{
	archiveVersion = 1;
	classes = {
	};
	objectVersion = 50;
	objects = {

/* Begin PBXBuildFile section */
		A710F34A2588C15600ABFDD8 /* SwiftUI_Tutorials_by_AppleApp.swift in Sources */ = {isa = PBXBuildFile; fileRef = A710F3372588C15400ABFDD8 /* SwiftUI_Tutorials_by_AppleApp.swift */; };
		A710F34B2588C15600ABFDD8 /* SwiftUI_Tutorials_by_AppleApp.swift in Sources */ = {isa = PBXBuildFile; fileRef = A710F3372588C15400ABFDD8 /* SwiftUI_Tutorials_by_AppleApp.swift */; };
		A710F34C2588C15600ABFDD8 /* ContentView.swift in Sources */ = {isa = PBXBuildFile; fileRef = A710F3382588C15400ABFDD8 /* ContentView.swift */; };
		A710F34D2588C15600ABFDD8 /* ContentView.swift in Sources */ = {isa = PBXBuildFile; fileRef = A710F3382588C15400ABFDD8 /* ContentView.swift */; };
		A710F34E2588C15600ABFDD8 /* Assets.xcassets in Resources */ = {isa = PBXBuildFile; fileRef = A710F3392588C15600ABFDD8 /* Assets.xcassets */; };
		A710F34F2588C15600ABFDD8 /* Assets.xcassets in Resources */ = {isa = PBXBuildFile; fileRef = A710F3392588C15600ABFDD8 /* Assets.xcassets */; };
/* End PBXBuildFile section */

/* Begin PBXFileReference section */
		A710F3372588C15400ABFDD8 /* SwiftUI_Tutorials_by_AppleApp.swift */ = {isa = PBXFileReference; lastKnownFileType = sourcecode.swift; path = SwiftUI_Tutorials_by_AppleApp.swift; sourceTree = "<group>"; };
		A710F3382588C15400ABFDD8 /* ContentView.swift */ = {isa = PBXFileReference; lastKnownFileType = sourcecode.swift; path = ContentView.swift; sourceTree = "<group>"; };
		A710F3392588C15600ABFDD8 /* Assets.xcassets */ = {isa = PBXFileReference; lastKnownFileType = folder.assetcatalog; path = Assets.xcassets; sourceTree = "<group>"; };
		A710F33E2588C15600ABFDD8 /* SwiftUI_Tutorials_by_Apple.app */ = {isa = PBXFileReference; explicitFileType = wrapper.application; includeInIndex = 0; path = SwiftUI_Tutorials_by_Apple.app; sourceTree = BUILT_PRODUCTS_DIR; };
		A710F3412588C15600ABFDD8 /* Info.plist */ = {isa = PBXFileReference; lastKnownFileType = text.plist.xml; path = Info.plist; sourceTree = "<group>"; };
		A710F3462588C15600ABFDD8 /* SwiftUI_Tutorials_by_Apple.app */ = {isa = PBXFileReference; explicitFileType = wrapper.application; includeInIndex = 0; path = SwiftUI_Tutorials_by_Apple.app; sourceTree = BUILT_PRODUCTS_DIR; };
		A710F3482588C15600ABFDD8 /* Info.plist */ = {isa = PBXFileReference; lastKnownFileType = text.plist.xml; path = Info.plist; sourceTree = "<group>"; };
		A710F3492588C15600ABFDD8 /* macOS.entitlements */ = {isa = PBXFileReference; lastKnownFileType = text.plist.entitlements; path = macOS.entitlements; sourceTree = "<group>"; };
/* End PBXFileReference section */

/* Begin PBXFrameworksBuildPhase section */
		A710F33B2588C15600ABFDD8 /* Frameworks */ = {
			isa = PBXFrameworksBuildPhase;
			buildActionMask = 2147483647;
			files = (
			);
			runOnlyForDeploymentPostprocessing = 0;
		};
		A710F3432588C15600ABFDD8 /* Frameworks */ = {
			isa = PBXFrameworksBuildPhase;
			buildActionMask = 2147483647;
			files = (
			);
			runOnlyForDeploymentPostprocessing = 0;
		};
/* End PBXFrameworksBuildPhase section */

/* Begin PBXGroup section */
		A710F3312588C15400ABFDD8 = {
			isa = PBXGroup;
			children = (
				A710F3362588C15400ABFDD8 /* Shared */,
				A710F3402588C15600ABFDD8 /* iOS */,
				A710F3472588C15600ABFDD8 /* macOS */,
				A710F33F2588C15600ABFDD8 /* Products */,
			);
			sourceTree = "<group>";
		};
		A710F3362588C15400ABFDD8 /* Shared */ = {
			isa = PBXGroup;
			children = (
				A710F3372588C15400ABFDD8 /* SwiftUI_Tutorials_by_AppleApp.swift */,
				A710F3382588C15400ABFDD8 /* ContentView.swift */,
				A710F3392588C15600ABFDD8 /* Assets.xcassets */,
			);
			path = Shared;
			sourceTree = "<group>";
		};
		A710F33F2588C15600ABFDD8 /* Products */ = {
			isa = PBXGroup;
			children = (
				A710F33E2588C15600ABFDD8 /* SwiftUI_Tutorials_by_Apple.app */,
				A710F3462588C15600ABFDD8 /* SwiftUI_Tutorials_by_Apple.app */,
			);
			name = Products;
			sourceTree = "<group>";
		};
		A710F3402588C15600ABFDD8 /* iOS */ = {
			isa = PBXGroup;
			children = (
				A710F3412588C15600ABFDD8 /* Info.plist */,
			);
			path = iOS;
			sourceTree = "<group>";
		};
		A710F3472588C15600ABFDD8 /* macOS */ = {
			isa = PBXGroup;
			children = (
				A710F3482588C15600ABFDD8 /* Info.plist */,
				A710F3492588C15600ABFDD8 /* macOS.entitlements */,
			);
			path = macOS;
			sourceTree = "<group>";
		};
/* End PBXGroup section */

/* Begin PBXNativeTarget section */
		A710F33D2588C15600ABFDD8 /* SwiftUI_Tutorials_by_Apple (iOS) */ = {
			isa = PBXNativeTarget;
			buildConfigurationList = A710F3522588C15600ABFDD8 /* Build configuration list for PBXNativeTarget "SwiftUI_Tutorials_by_Apple (iOS)" */;
			buildPhases = (
				A710F33A2588C15600ABFDD8 /* Sources */,
				A710F33B2588C15600ABFDD8 /* Frameworks */,
				A710F33C2588C15600ABFDD8 /* Resources */,
			);
			buildRules = (
			);
			dependencies = (
			);
			name = "SwiftUI_Tutorials_by_Apple (iOS)";
			productName = "SwiftUI_Tutorials_by_Apple (iOS)";
			productReference = A710F33E2588C15600ABFDD8 /* SwiftUI_Tutorials_by_Apple.app */;
			productType = "com.apple.product-type.application";
		};
		A710F3452588C15600ABFDD8 /* SwiftUI_Tutorials_by_Apple (macOS) */ = {
			isa = PBXNativeTarget;
			buildConfigurationList = A710F3552588C15600ABFDD8 /* Build configuration list for PBXNativeTarget "SwiftUI_Tutorials_by_Apple (macOS)" */;
			buildPhases = (
				A710F3422588C15600ABFDD8 /* Sources */,
				A710F3432588C15600ABFDD8 /* Frameworks */,
				A710F3442588C15600ABFDD8 /* Resources */,
			);
			buildRules = (
			);
			dependencies = (
			);
			name = "SwiftUI_Tutorials_by_Apple (macOS)";
			productName = "SwiftUI_Tutorials_by_Apple (macOS)";
			productReference = A710F3462588C15600ABFDD8 /* SwiftUI_Tutorials_by_Apple.app */;
			productType = "com.apple.product-type.application";
		};
/* End PBXNativeTarget section */

/* Begin PBXProject section */
		A710F3322588C15400ABFDD8 /* Project object */ = {
			isa = PBXProject;
			attributes = {
				LastSwiftUpdateCheck = 1220;
				LastUpgradeCheck = 1220;
				TargetAttributes = {
					A710F33D2588C15600ABFDD8 = {
						CreatedOnToolsVersion = 12.2;
					};
					A710F3452588C15600ABFDD8 = {
						CreatedOnToolsVersion = 12.2;
					};
				};
			};
			buildConfigurationList = A710F3352588C15400ABFDD8 /* Build configuration list for PBXProject "SwiftUI_Tutorials_by_Apple" */;
			compatibilityVersion = "Xcode 9.3";
			developmentRegion = en;
			hasScannedForEncodings = 0;
			knownRegions = (
				en,
				Base,
			);
			mainGroup = A710F3312588C15400ABFDD8;
			productRefGroup = A710F33F2588C15600ABFDD8 /* Products */;
			projectDirPath = "";
			projectRoot = "";
			targets = (
				A710F33D2588C15600ABFDD8 /* SwiftUI_Tutorials_by_Apple (iOS) */,
				A710F3452588C15600ABFDD8 /* SwiftUI_Tutorials_by_Apple (macOS) */,
			);
		};
/* End PBXProject section */

/* Begin PBXResourcesBuildPhase section */
		A710F33C2588C15600ABFDD8 /* Resources */ = {
			isa = PBXResourcesBuildPhase;
			buildActionMask = 2147483647;
			files = (
				A710F34E2588C15600ABFDD8 /* Assets.xcassets in Resources */,
			);
			runOnlyForDeploymentPostprocessing = 0;
		};
		A710F3442588C15600ABFDD8 /* Resources */ = {
			isa = PBXResourcesBuildPhase;
			buildActionMask = 2147483647;
			files = (
				A710F34F2588C15600ABFDD8 /* Assets.xcassets in Resources */,
			);
			runOnlyForDeploymentPostprocessing = 0;
		};
/* End PBXResourcesBuildPhase section */

/* Begin PBXSourcesBuildPhase section */
		A710F33A2588C15600ABFDD8 /* Sources */ = {
			isa = PBXSourcesBuildPhase;
			buildActionMask = 2147483647;
			files = (
				A710F34C2588C15600ABFDD8 /* ContentView.swift in Sources */,
				A710F34A2588C15600ABFDD8 /* SwiftUI_Tutorials_by_AppleApp.swift in Sources */,
			);
			runOnlyForDeploymentPostprocessing = 0;
		};
		A710F3422588C15600ABFDD8 /* Sources */ = {
			isa = PBXSourcesBuildPhase;
			buildActionMask = 2147483647;
			files = (
				A710F34D2588C15600ABFDD8 /* ContentView.swift in Sources */,
				A710F34B2588C15600ABFDD8 /* SwiftUI_Tutorials_by_AppleApp.swift in Sources */,
			);
			runOnlyForDeploymentPostprocessing = 0;
		};
/* End PBXSourcesBuildPhase section */

/* Begin XCBuildConfiguration section */
		A710F3502588C15600ABFDD8 /* Debug */ = {
			isa = XCBuildConfiguration;
			buildSettings = {
				ALWAYS_SEARCH_USER_PATHS = NO;
				CLANG_ANALYZER_NONNULL = YES;
				CLANG_ANALYZER_NUMBER_OBJECT_CONVERSION = YES_AGGRESSIVE;
				CLANG_CXX_LANGUAGE_STANDARD = "gnu++14";
				CLANG_CXX_LIBRARY = "libc++";
				CLANG_ENABLE_MODULES = YES;
				CLANG_ENABLE_OBJC_ARC = YES;
				CLANG_ENABLE_OBJC_WEAK = YES;
				CLANG_WARN_BLOCK_CAPTURE_AUTORELEASING = YES;
				CLANG_WARN_BOOL_CONVERSION = YES;
				CLANG_WARN_COMMA = YES;
				CLANG_WARN_CONSTANT_CONVERSION = YES;
				CLANG_WARN_DEPRECATED_OBJC_IMPLEMENTATIONS = YES;
				CLANG_WARN_DIRECT_OBJC_ISA_USAGE = YES_ERROR;
				CLANG_WARN_DOCUMENTATION_COMMENTS = YES;
				CLANG_WARN_EMPTY_BODY = YES;
				CLANG_WARN_ENUM_CONVERSION = YES;
				CLANG_WARN_INFINITE_RECURSION = YES;
				CLANG_WARN_INT_CONVERSION = YES;
				CLANG_WARN_NON_LITERAL_NULL_CONVERSION = YES;
				CLANG_WARN_OBJC_IMPLICIT_RETAIN_SELF = YES;
				CLANG_WARN_OBJC_LITERAL_CONVERSION = YES;
				CLANG_WARN_OBJC_ROOT_CLASS = YES_ERROR;
				CLANG_WARN_QUOTED_INCLUDE_IN_FRAMEWORK_HEADER = YES;
				CLANG_WARN_RANGE_LOOP_ANALYSIS = YES;
				CLANG_WARN_STRICT_PROTOTYPES = YES;
				CLANG_WARN_SUSPICIOUS_MOVE = YES;
				CLANG_WARN_UNGUARDED_AVAILABILITY = YES_AGGRESSIVE;
				CLANG_WARN_UNREACHABLE_CODE = YES;
				CLANG_WARN__DUPLICATE_METHOD_MATCH = YES;
				COPY_PHASE_STRIP = NO;
				DEBUG_INFORMATION_FORMAT = dwarf;
				ENABLE_STRICT_OBJC_MSGSEND = YES;
				ENABLE_TESTABILITY = YES;
				GCC_C_LANGUAGE_STANDARD = gnu11;
				GCC_DYNAMIC_NO_PIC = NO;
				GCC_NO_COMMON_BLOCKS = YES;
				GCC_OPTIMIZATION_LEVEL = 0;
				GCC_PREPROCESSOR_DEFINITIONS = (
					"DEBUG=1",
					"$(inherited)",
				);
				GCC_WARN_64_TO_32_BIT_CONVERSION = YES;
				GCC_WARN_ABOUT_RETURN_TYPE = YES_ERROR;
				GCC_WARN_UNDECLARED_SELECTOR = YES;
				GCC_WARN_UNINITIALIZED_AUTOS = YES_AGGRESSIVE;
				GCC_WARN_UNUSED_FUNCTION = YES;
				GCC_WARN_UNUSED_VARIABLE = YES;
				MTL_ENABLE_DEBUG_INFO = INCLUDE_SOURCE;
				MTL_FAST_MATH = YES;
				ONLY_ACTIVE_ARCH = YES;
				SWIFT_ACTIVE_COMPILATION_CONDITIONS = DEBUG;
				SWIFT_OPTIMIZATION_LEVEL = "-Onone";
			};
			name = Debug;
		};
		A710F3512588C15600ABFDD8 /* Release */ = {
			isa = XCBuildConfiguration;
			buildSettings = {
				ALWAYS_SEARCH_USER_PATHS = NO;
				CLANG_ANALYZER_NONNULL = YES;
				CLANG_ANALYZER_NUMBER_OBJECT_CONVERSION = YES_AGGRESSIVE;
				CLANG_CXX_LANGUAGE_STANDARD = "gnu++14";
				CLANG_CXX_LIBRARY = "libc++";
				CLANG_ENABLE_MODULES = YES;
				CLANG_ENABLE_OBJC_ARC = YES;
				CLANG_ENABLE_OBJC_WEAK = YES;
				CLANG_WARN_BLOCK_CAPTURE_AUTORELEASING = YES;
				CLANG_WARN_BOOL_CONVERSION = YES;
				CLANG_WARN_COMMA = YES;
				CLANG_WARN_CONSTANT_CONVERSION = YES;
				CLANG_WARN_DEPRECATED_OBJC_IMPLEMENTATIONS = YES;
				CLANG_WARN_DIRECT_OBJC_ISA_USAGE = YES_ERROR;
				CLANG_WARN_DOCUMENTATION_COMMENTS = YES;
				CLANG_WARN_EMPTY_BODY = YES;
				CLANG_WARN_ENUM_CONVERSION = YES;
				CLANG_WARN_INFINITE_RECURSION = YES;
				CLANG_WARN_INT_CONVERSION = YES;
				CLANG_WARN_NON_LITERAL_NULL_CONVERSION = YES;
				CLANG_WARN_OBJC_IMPLICIT_RETAIN_SELF = YES;
				CLANG_WARN_OBJC_LITERAL_CONVERSION = YES;
				CLANG_WARN_OBJC_ROOT_CLASS = YES_ERROR;
				CLANG_WARN_QUOTED_INCLUDE_IN_FRAMEWORK_HEADER = YES;
				CLANG_WARN_RANGE_LOOP_ANALYSIS = YES;
				CLANG_WARN_STRICT_PROTOTYPES = YES;
				CLANG_WARN_SUSPICIOUS_MOVE = YES;
				CLANG_WARN_UNGUARDED_AVAILABILITY = YES_AGGRESSIVE;
				CLANG_WARN_UNREACHABLE_CODE = YES;
				CLANG_WARN__DUPLICATE_METHOD_MATCH = YES;
				COPY_PHASE_STRIP = NO;
				DEBUG_INFORMATION_FORMAT = "dwarf-with-dsym";
				ENABLE_NS_ASSERTIONS = NO;
				ENABLE_STRICT_OBJC_MSGSEND = YES;
				GCC_C_LANGUAGE_STANDARD = gnu11;
				GCC_NO_COMMON_BLOCKS = YES;
				GCC_WARN_64_TO_32_BIT_CONVERSION = YES;
				GCC_WARN_ABOUT_RETURN_TYPE = YES_ERROR;
				GCC_WARN_UNDECLARED_SELECTOR = YES;
				GCC_WARN_UNINITIALIZED_AUTOS = YES_AGGRESSIVE;
				GCC_WARN_UNUSED_FUNCTION = YES;
				GCC_WARN_UNUSED_VARIABLE = YES;
				MTL_ENABLE_DEBUG_INFO = NO;
				MTL_FAST_MATH = YES;
				SWIFT_COMPILATION_MODE = wholemodule;
				SWIFT_OPTIMIZATION_LEVEL = "-O";
			};
			name = Release;
		};
		A710F3532588C15600ABFDD8 /* Debug */ = {
			isa = XCBuildConfiguration;
			buildSettings = {
				ASSETCATALOG_COMPILER_APPICON_NAME = AppIcon;
				ASSETCATALOG_COMPILER_GLOBAL_ACCENT_COLOR_NAME = AccentColor;
				CODE_SIGN_STYLE = Automatic;
				DEVELOPMENT_TEAM = 3AMPL46LPV;
				ENABLE_PREVIEWS = YES;
				INFOPLIST_FILE = iOS/Info.plist;
				IPHONEOS_DEPLOYMENT_TARGET = 14.0;
				LD_RUNPATH_SEARCH_PATHS = (
					"$(inherited)",
					"@executable_path/Frameworks",
				);
				PRODUCT_BUNDLE_IDENTIFIER = "com.ytyubox.SwiftUI-Tutorials-by-Apple";
				PRODUCT_NAME = SwiftUI_Tutorials_by_Apple;
				SDKROOT = iphoneos;
				SWIFT_VERSION = 5.0;
				TARGETED_DEVICE_FAMILY = "1,2";
			};
			name = Debug;
		};
		A710F3542588C15600ABFDD8 /* Release */ = {
			isa = XCBuildConfiguration;
			buildSettings = {
				ASSETCATALOG_COMPILER_APPICON_NAME = AppIcon;
				ASSETCATALOG_COMPILER_GLOBAL_ACCENT_COLOR_NAME = AccentColor;
				CODE_SIGN_STYLE = Automatic;
				DEVELOPMENT_TEAM = 3AMPL46LPV;
				ENABLE_PREVIEWS = YES;
				INFOPLIST_FILE = iOS/Info.plist;
				IPHONEOS_DEPLOYMENT_TARGET = 14.0;
				LD_RUNPATH_SEARCH_PATHS = (
					"$(inherited)",
					"@executable_path/Frameworks",
				);
				PRODUCT_BUNDLE_IDENTIFIER = "com.ytyubox.SwiftUI-Tutorials-by-Apple";
				PRODUCT_NAME = SwiftUI_Tutorials_by_Apple;
				SDKROOT = iphoneos;
				SWIFT_VERSION = 5.0;
				TARGETED_DEVICE_FAMILY = "1,2";
				VALIDATE_PRODUCT = YES;
			};
			name = Release;
		};
		A710F3562588C15600ABFDD8 /* Debug */ = {
			isa = XCBuildConfiguration;
			buildSettings = {
				ASSETCATALOG_COMPILER_APPICON_NAME = AppIcon;
				ASSETCATALOG_COMPILER_GLOBAL_ACCENT_COLOR_NAME = AccentColor;
				CODE_SIGN_ENTITLEMENTS = macOS/macOS.entitlements;
				CODE_SIGN_STYLE = Automatic;
				COMBINE_HIDPI_IMAGES = YES;
				DEVELOPMENT_TEAM = 3AMPL46LPV;
				ENABLE_HARDENED_RUNTIME = YES;
				ENABLE_PREVIEWS = YES;
				INFOPLIST_FILE = macOS/Info.plist;
				LD_RUNPATH_SEARCH_PATHS = (
					"$(inherited)",
					"@executable_path/../Frameworks",
				);
				MACOSX_DEPLOYMENT_TARGET = 11.0;
				PRODUCT_BUNDLE_IDENTIFIER = "com.ytyubox.SwiftUI-Tutorials-by-Apple";
				PRODUCT_NAME = SwiftUI_Tutorials_by_Apple;
				SDKROOT = macosx;
				SWIFT_VERSION = 5.0;
			};
			name = Debug;
		};
		A710F3572588C15600ABFDD8 /* Release */ = {
			isa = XCBuildConfiguration;
			buildSettings = {
				ASSETCATALOG_COMPILER_APPICON_NAME = AppIcon;
				ASSETCATALOG_COMPILER_GLOBAL_ACCENT_COLOR_NAME = AccentColor;
				CODE_SIGN_ENTITLEMENTS = macOS/macOS.entitlements;
				CODE_SIGN_STYLE = Automatic;
				COMBINE_HIDPI_IMAGES = YES;
				DEVELOPMENT_TEAM = 3AMPL46LPV;
				ENABLE_HARDENED_RUNTIME = YES;
				ENABLE_PREVIEWS = YES;
				INFOPLIST_FILE = macOS/Info.plist;
				LD_RUNPATH_SEARCH_PATHS = (
					"$(inherited)",
					"@executable_path/../Frameworks",
				);
				MACOSX_DEPLOYMENT_TARGET = 11.0;
				PRODUCT_BUNDLE_IDENTIFIER = "com.ytyubox.SwiftUI-Tutorials-by-Apple";
				PRODUCT_NAME = SwiftUI_Tutorials_by_Apple;
				SDKROOT = macosx;
				SWIFT_VERSION = 5.0;
			};
			name = Release;
		};
/* End XCBuildConfiguration section */

/* Begin XCConfigurationList section */
		A710F3352588C15400ABFDD8 /* Build configuration list for PBXProject "SwiftUI_Tutorials_by_Apple" */ = {
			isa = XCConfigurationList;
			buildConfigurations = (
				A710F3502588C15600ABFDD8 /* Debug */,
				A710F3512588C15600ABFDD8 /* Release */,
			);
			defaultConfigurationIsVisible = 0;
			defaultConfigurationName = Release;
		};
		A710F3522588C15600ABFDD8 /* Build configuration list for PBXNativeTarget "SwiftUI_Tutorials_by_Apple (iOS)" */ = {
			isa = XCConfigurationList;
			buildConfigurations = (
				A710F3532588C15600ABFDD8 /* Debug */,
				A710F3542588C15600ABFDD8 /* Release */,
			);
			defaultConfigurationIsVisible = 0;
			defaultConfigurationName = Release;
		};
		A710F3552588C15600ABFDD8 /* Build configuration list for PBXNativeTarget "SwiftUI_Tutorials_by_Apple (macOS)" */ = {
			isa = XCConfigurationList;
			buildConfigurations = (
				A710F3562588C15600ABFDD8 /* Debug */,
				A710F3572588C15600ABFDD8 /* Release */,
			);
			defaultConfigurationIsVisible = 0;
			defaultConfigurationName = Release;
		};
/* End XCConfigurationList section */
	};
	rootObject = A710F3322588C15400ABFDD8 /* Project object */;
}
